<Solution>
  <Folder Name="/BillingService/">
    <Project Path="BillingService/Korp.Billing.Api/Korp.Billing.Api.csproj" />
    <Project Path="BillingService/Korp.Billing.Application.Tests/Korp.Billing.Application.Tests.csproj" Id="f138d87b-d622-45b6-bd27-bafe4b2e31ce" />
    <Project Path="BillingService/Korp.Billing.Application/Korp.Billing.Application.csproj" />
    <Project Path="BillingService/Korp.Billing.Domain.Tests/Korp.Billing.Domain.Tests.csproj" Id="d2206e68-b520-4613-9713-f061dbdc32e1" />
    <Project Path="BillingService/Korp.Billing.Domain/Korp.Billing.Domain.csproj" />
    <Project Path="BillingService/Korp.Billing.Infrastructure/Korp.Billing.Infrastructure.csproj" />
  </Folder>
  <Folder Name="/StockService/">
    <Project Path="StockService/Korp.Stock.Api/Korp.Stock.Api.csproj" />
    <Project Path="StockService/Korp.Stock.Application.Tests/Korp.Stock.Application.Tests.csproj" Id="0538ecae-2f61-4c85-b984-c4ee4c5a6a10" />
    <Project Path="StockService/Korp.Stock.Application/Korp.Stock.Application.csproj" />
    <Project Path="StockService/Korp.Stock.Domain.Tests/Korp.Stock.Domain.Tests.csproj" Id="b6c4fe94-c584-4741-9a24-05c564ac6251" />
    <Project Path="StockService/Korp.Stock.Domain/Korp.Stock.Domain.csproj" />
    <Project Path="StockService/Korp.Stock.Infrastructure/Korp.Stock.Infrastructure.csproj" />
  </Folder>
</Solution>
